
Microsoft Visual Studio Solution File, Format Version 10.00
# Visual Studio 2008
Project("{FAE04EC0-301F-11D3-BF4B-00C04F79EFBC}") = "ADD0545R", "ADD0545R\ADD0545R.csproj", "{4AB5E7DB-7739-412A-B36E-85783428C0F3}"
EndProject
Global
	GlobalSection(SolutionConfigurationPlatforms) = preSolution
		Debug|Any CPU = Debug|Any CPU
		Release|Any CPU = Release|Any CPU
	EndGlobalSection
	GlobalSection(ProjectConfigurationPlatforms) = postSolution
		{4AB5E7DB-7739-412A-B36E-85783428C0F3}.Debug|Any CPU.ActiveCfg = Debug|Any CPU
		{4AB5E7DB-7739-412A-B36E-85783428C0F3}.Debug|Any CPU.Build.0 = Debug|Any CPU
		{4AB5E7DB-7739-412A-B36E-85783428C0F3}.Release|Any CPU.ActiveCfg = Release|Any CPU
		{4AB5E7DB-7739-412A-B36E-85783428C0F3}.Release|Any CPU.Build.0 = Release|Any CPU
	EndGlobalSection
	GlobalSection(SolutionProperties) = preSolution
		HideSolutionNode = FALSE
	EndGlobalSection
EndGlobal
