
Microsoft Visual Studio Solution File, Format Version 10.00
# Visual Studio 2008
Project("{FAE04EC0-301F-11D3-BF4B-00C04F79EFBC}") = "ADD7003E", "ADD7003E\ADD7003E.csproj", "{FCC0BAA9-BAF3-4F41-89D6-FE2BB848277E}"
EndProject
Global
	GlobalSection(SolutionConfigurationPlatforms) = preSolution
		Debug|Any CPU = Debug|Any CPU
		Release|Any CPU = Release|Any CPU
	EndGlobalSection
	GlobalSection(ProjectConfigurationPlatforms) = postSolution
		{FCC0BAA9-BAF3-4F41-89D6-FE2BB848277E}.Debug|Any CPU.ActiveCfg = Debug|Any CPU
		{FCC0BAA9-BAF3-4F41-89D6-FE2BB848277E}.Debug|Any CPU.Build.0 = Debug|Any CPU
		{FCC0BAA9-BAF3-4F41-89D6-FE2BB848277E}.Release|Any CPU.ActiveCfg = Release|Any CPU
		{FCC0BAA9-BAF3-4F41-89D6-FE2BB848277E}.Release|Any CPU.Build.0 = Release|Any CPU
	EndGlobalSection
	GlobalSection(SolutionProperties) = preSolution
		HideSolutionNode = FALSE
	EndGlobalSection
EndGlobal
