
Microsoft Visual Studio Solution File, Format Version 10.00
# Visual Studio 2008
Project("{FAE04EC0-301F-11D3-BF4B-00C04F79EFBC}") = "ADD0715E_JABO", "ADD0715E_JABO\ADD0715E_JABO.csproj", "{5173796E-4EB2-48BE-8AD0-EC483905D21C}"
EndProject
Global
	GlobalSection(SolutionConfigurationPlatforms) = preSolution
		Debug|Any CPU = Debug|Any CPU
		Release|Any CPU = Release|Any CPU
	EndGlobalSection
	GlobalSection(ProjectConfigurationPlatforms) = postSolution
		{5173796E-4EB2-48BE-8AD0-EC483905D21C}.Debug|Any CPU.ActiveCfg = Debug|Any CPU
		{5173796E-4EB2-48BE-8AD0-EC483905D21C}.Debug|Any CPU.Build.0 = Debug|Any CPU
		{5173796E-4EB2-48BE-8AD0-EC483905D21C}.Release|Any CPU.ActiveCfg = Release|Any CPU
		{5173796E-4EB2-48BE-8AD0-EC483905D21C}.Release|Any CPU.Build.0 = Release|Any CPU
	EndGlobalSection
	GlobalSection(SolutionProperties) = preSolution
		HideSolutionNode = FALSE
	EndGlobalSection
EndGlobal
