
Microsoft Visual Studio Solution File, Format Version 10.00
# Visual Studio 2008
Project("{FAE04EC0-301F-11D3-BF4B-00C04F79EFBC}") = "ADD0105E", "ADD0105E\ADD0105E.csproj", "{0C4B7CD6-EF8E-478E-90E9-47E8C2D75BCB}"
EndProject
Global
	GlobalSection(SolutionConfigurationPlatforms) = preSolution
		Debug|Any CPU = Debug|Any CPU
		Release|Any CPU = Release|Any CPU
	EndGlobalSection
	GlobalSection(ProjectConfigurationPlatforms) = postSolution
		{0C4B7CD6-EF8E-478E-90E9-47E8C2D75BCB}.Debug|Any CPU.ActiveCfg = Debug|Any CPU
		{0C4B7CD6-EF8E-478E-90E9-47E8C2D75BCB}.Debug|Any CPU.Build.0 = Debug|Any CPU
		{0C4B7CD6-EF8E-478E-90E9-47E8C2D75BCB}.Release|Any CPU.ActiveCfg = Release|Any CPU
		{0C4B7CD6-EF8E-478E-90E9-47E8C2D75BCB}.Release|Any CPU.Build.0 = Release|Any CPU
	EndGlobalSection
	GlobalSection(SolutionProperties) = preSolution
		HideSolutionNode = FALSE
	EndGlobalSection
EndGlobal
