
Microsoft Visual Studio Solution File, Format Version 10.00
# Visual Studio 2008
Project("{FAE04EC0-301F-11D3-BF4B-00C04F79EFBC}") = "ADD7007E", "ADD7007E\ADD7007E.csproj", "{20A5EECC-D16D-4687-A94B-FD30D907909B}"
EndProject
Global
	GlobalSection(SolutionConfigurationPlatforms) = preSolution
		Debug|Any CPU = Debug|Any CPU
		Release|Any CPU = Release|Any CPU
	EndGlobalSection
	GlobalSection(ProjectConfigurationPlatforms) = postSolution
		{20A5EECC-D16D-4687-A94B-FD30D907909B}.Debug|Any CPU.ActiveCfg = Debug|Any CPU
		{20A5EECC-D16D-4687-A94B-FD30D907909B}.Debug|Any CPU.Build.0 = Debug|Any CPU
		{20A5EECC-D16D-4687-A94B-FD30D907909B}.Release|Any CPU.ActiveCfg = Release|Any CPU
		{20A5EECC-D16D-4687-A94B-FD30D907909B}.Release|Any CPU.Build.0 = Release|Any CPU
	EndGlobalSection
	GlobalSection(SolutionProperties) = preSolution
		HideSolutionNode = FALSE
	EndGlobalSection
EndGlobal
