
Microsoft Visual Studio Solution File, Format Version 10.00
# Visual Studio 2008
Project("{FAE04EC0-301F-11D3-BF4B-00C04F79EFBC}") = "ADD0547R", "ADD0547R\ADD0547R.csproj", "{34A3B74F-4497-480E-AA84-F21B5BEAFFF4}"
EndProject
Global
	GlobalSection(SolutionConfigurationPlatforms) = preSolution
		Debug|Any CPU = Debug|Any CPU
		Release|Any CPU = Release|Any CPU
	EndGlobalSection
	GlobalSection(ProjectConfigurationPlatforms) = postSolution
		{34A3B74F-4497-480E-AA84-F21B5BEAFFF4}.Debug|Any CPU.ActiveCfg = Debug|Any CPU
		{34A3B74F-4497-480E-AA84-F21B5BEAFFF4}.Debug|Any CPU.Build.0 = Debug|Any CPU
		{34A3B74F-4497-480E-AA84-F21B5BEAFFF4}.Release|Any CPU.ActiveCfg = Release|Any CPU
		{34A3B74F-4497-480E-AA84-F21B5BEAFFF4}.Release|Any CPU.Build.0 = Release|Any CPU
	EndGlobalSection
	GlobalSection(SolutionProperties) = preSolution
		HideSolutionNode = FALSE
	EndGlobalSection
EndGlobal
