
Microsoft Visual Studio Solution File, Format Version 10.00
# Visual Studio 2008
Project("{FAE04EC0-301F-11D3-BF4B-00C04F79EFBC}") = "ADD0107E", "ADD0107E\ADD0107E.csproj", "{C805DD70-27A8-4243-BB47-D5BB14C11C19}"
EndProject
Global
	GlobalSection(SolutionConfigurationPlatforms) = preSolution
		Debug|Any CPU = Debug|Any CPU
		Release|Any CPU = Release|Any CPU
	EndGlobalSection
	GlobalSection(ProjectConfigurationPlatforms) = postSolution
		{C805DD70-27A8-4243-BB47-D5BB14C11C19}.Debug|Any CPU.ActiveCfg = Debug|Any CPU
		{C805DD70-27A8-4243-BB47-D5BB14C11C19}.Debug|Any CPU.Build.0 = Debug|Any CPU
		{C805DD70-27A8-4243-BB47-D5BB14C11C19}.Release|Any CPU.ActiveCfg = Release|Any CPU
		{C805DD70-27A8-4243-BB47-D5BB14C11C19}.Release|Any CPU.Build.0 = Release|Any CPU
	EndGlobalSection
	GlobalSection(SolutionProperties) = preSolution
		HideSolutionNode = FALSE
	EndGlobalSection
EndGlobal
