
Microsoft Visual Studio Solution File, Format Version 10.00
# Visual Studio 2008
Project("{FAE04EC0-301F-11D3-BF4B-00C04F79EFBC}") = "ADD0106E", "ADD0106E\ADD0106E.csproj", "{79058205-89CC-4F3E-8060-74669C55ACE7}"
EndProject
Global
	GlobalSection(SolutionConfigurationPlatforms) = preSolution
		Debug|Any CPU = Debug|Any CPU
		Release|Any CPU = Release|Any CPU
	EndGlobalSection
	GlobalSection(ProjectConfigurationPlatforms) = postSolution
		{79058205-89CC-4F3E-8060-74669C55ACE7}.Debug|Any CPU.ActiveCfg = Debug|Any CPU
		{79058205-89CC-4F3E-8060-74669C55ACE7}.Debug|Any CPU.Build.0 = Debug|Any CPU
		{79058205-89CC-4F3E-8060-74669C55ACE7}.Release|Any CPU.ActiveCfg = Release|Any CPU
		{79058205-89CC-4F3E-8060-74669C55ACE7}.Release|Any CPU.Build.0 = Release|Any CPU
	EndGlobalSection
	GlobalSection(SolutionProperties) = preSolution
		HideSolutionNode = FALSE
	EndGlobalSection
EndGlobal
