
Microsoft Visual Studio Solution File, Format Version 10.00
# Visual Studio 2008
Project("{FAE04EC0-301F-11D3-BF4B-00C04F79EFBC}") = "ADD0720E_JABO", "ADD0720E_JABO\ADD0720E_JABO.csproj", "{F4892555-D0D8-4EA2-AE49-3DD8A5A1F525}"
EndProject
Global
	GlobalSection(SolutionConfigurationPlatforms) = preSolution
		Debug|Any CPU = Debug|Any CPU
		Release|Any CPU = Release|Any CPU
	EndGlobalSection
	GlobalSection(ProjectConfigurationPlatforms) = postSolution
		{F4892555-D0D8-4EA2-AE49-3DD8A5A1F525}.Debug|Any CPU.ActiveCfg = Debug|Any CPU
		{F4892555-D0D8-4EA2-AE49-3DD8A5A1F525}.Debug|Any CPU.Build.0 = Debug|Any CPU
		{F4892555-D0D8-4EA2-AE49-3DD8A5A1F525}.Release|Any CPU.ActiveCfg = Release|Any CPU
		{F4892555-D0D8-4EA2-AE49-3DD8A5A1F525}.Release|Any CPU.Build.0 = Release|Any CPU
	EndGlobalSection
	GlobalSection(SolutionProperties) = preSolution
		HideSolutionNode = FALSE
	EndGlobalSection
EndGlobal
