
Microsoft Visual Studio Solution File, Format Version 10.00
# Visual Studio 2008
Project("{FAE04EC0-301F-11D3-BF4B-00C04F79EFBC}") = "EMR_IMG_TS", "EMR_IMG_TS\EMR_IMG_TS.csproj", "{751C369F-9FFE-4730-953B-119E567BC4CB}"
EndProject
Global
	GlobalSection(SolutionConfigurationPlatforms) = preSolution
		Debug|Any CPU = Debug|Any CPU
		Release|Any CPU = Release|Any CPU
	EndGlobalSection
	GlobalSection(ProjectConfigurationPlatforms) = postSolution
		{751C369F-9FFE-4730-953B-119E567BC4CB}.Debug|Any CPU.ActiveCfg = Debug|Any CPU
		{751C369F-9FFE-4730-953B-119E567BC4CB}.Debug|Any CPU.Build.0 = Debug|Any CPU
		{751C369F-9FFE-4730-953B-119E567BC4CB}.Release|Any CPU.ActiveCfg = Release|Any CPU
		{751C369F-9FFE-4730-953B-119E567BC4CB}.Release|Any CPU.Build.0 = Release|Any CPU
	EndGlobalSection
	GlobalSection(SolutionProperties) = preSolution
		HideSolutionNode = FALSE
	EndGlobalSection
EndGlobal
